PODS:
  - MBProgressHUD (0.9.2)
  - SDWebImage (3.8.3):
    - SDWebImage/Core (= 3.8.3)
  - SDWebImage/Core (3.8.3)

DEPENDENCIES:
  - MBProgressHUD (~> 0.9.2)
  - SDWebImage (~> 3.8)

SPEC REPOS:
  https://github.com/cocoapods/specs.git:
    - MBProgressHUD
    - SDWebImage

SPEC CHECKSUMS:
  MBProgressHUD: 1569cf7ace17a8bac47aabfbb8580a49690386d1
  SDWebImage: a72e880a8fe0f7fc31efe15aaed443c074d2a80c

PODFILE CHECKSUM: ee12dbe0db2164ffa56db9f9825dc9ccac7f7ad6

COCOAPODS: 1.7.5
