// !$*UTF8*$!
{
	archiveVersion = 1;
	classes = {
	};
	objectVersion = 51;
	objects = {

/* Begin PBXBuildFile section */
		30177D0323AF045500A6A6CE /* PrivacyViewCtrl.m in Sources */ = {isa = PBXBuildFile; fileRef = 30177D0123AF045500A6A6CE /* PrivacyViewCtrl.m */; };
		30177D0423AF045500A6A6CE /* PrivacyViewCtrl.xib in Resources */ = {isa = PBXBuildFile; fileRef = 30177D0223AF045500A6A6CE /* PrivacyViewCtrl.xib */; };
		30177D0623AF0BD100A6A6CE /* close_btn@3x.png in Resources */ = {isa = PBXBuildFile; fileRef = 30177D0523AF0BD000A6A6CE /* close_btn@3x.png */; };
		305C87E92402345000E5E589 /* InfoPlist.strings in Resources */ = {isa = PBXBuildFile; fileRef = 305C87EB2402345000E5E589 /* InfoPlist.strings */; };
		305C87F3240237A900E5E589 /* LoginViewCtrl.xib in Resources */ = {isa = PBXBuildFile; fileRef = 305C87F5240237A900E5E589 /* LoginViewCtrl.xib */; };
		305C880124023DDC00E5E589 /* HeaderCell.xib in Resources */ = {isa = PBXBuildFile; fileRef = 305C880324023DDC00E5E589 /* HeaderCell.xib */; };
		305C880824023E0B00E5E589 /* SGTableViewCell.xib in Resources */ = {isa = PBXBuildFile; fileRef = 305C880A24023E0B00E5E589 /* SGTableViewCell.xib */; };
		305C881124023F6F00E5E589 /* Localizable.strings in Resources */ = {isa = PBXBuildFile; fileRef = 305C881324023F6F00E5E589 /* Localizable.strings */; };
		305C88152402479600E5E589 /* UserViewCtrl.xib in Resources */ = {isa = PBXBuildFile; fileRef = 305C88172402479600E5E589 /* UserViewCtrl.xib */; };
		305C881C240248D900E5E589 /* InsertViewCtrl.xib in Resources */ = {isa = PBXBuildFile; fileRef = 305C881E240248D900E5E589 /* InsertViewCtrl.xib */; };
		3060EA2723430C0600E847D6 /* AccountModel.m in Sources */ = {isa = PBXBuildFile; fileRef = 3060EA2523430C0600E847D6 /* AccountModel.m */; };
		3076C137238A66B400774B4F /* search_btn@2x.png in Resources */ = {isa = PBXBuildFile; fileRef = 3076C136238A66B400774B4F /* search_btn@2x.png */; };
		3076C13C238AC38400774B4F /* InsertViewCtrl.m in Sources */ = {isa = PBXBuildFile; fileRef = 3076C13A238AC38400774B4F /* InsertViewCtrl.m */; };
		3076C163238AEE4900774B4F /* IQTextView.m in Sources */ = {isa = PBXBuildFile; fileRef = 3076C140238AEE4900774B4F /* IQTextView.m */; };
		3076C164238AEE4900774B4F /* IQToolbar.m in Sources */ = {isa = PBXBuildFile; fileRef = 3076C144238AEE4900774B4F /* IQToolbar.m */; };
		3076C165238AEE4900774B4F /* IQTitleBarButtonItem.m in Sources */ = {isa = PBXBuildFile; fileRef = 3076C146238AEE4900774B4F /* IQTitleBarButtonItem.m */; };
		3076C166238AEE4900774B4F /* IQBarButtonItem.m in Sources */ = {isa = PBXBuildFile; fileRef = 3076C147238AEE4900774B4F /* IQBarButtonItem.m */; };
		3076C167238AEE4900774B4F /* IQUIView+IQKeyboardToolbar.m in Sources */ = {isa = PBXBuildFile; fileRef = 3076C148238AEE4900774B4F /* IQUIView+IQKeyboardToolbar.m */; };
		3076C168238AEE4900774B4F /* IQPreviousNextView.m in Sources */ = {isa = PBXBuildFile; fileRef = 3076C149238AEE4900774B4F /* IQPreviousNextView.m */; };
		3076C169238AEE4900774B4F /* IQKeyboardManager.bundle in Resources */ = {isa = PBXBuildFile; fileRef = 3076C151238AEE4900774B4F /* IQKeyboardManager.bundle */; };
		3076C16A238AEE4900774B4F /* IQKeyboardManager.m in Sources */ = {isa = PBXBuildFile; fileRef = 3076C154238AEE4900774B4F /* IQKeyboardManager.m */; };
		3076C16B238AEE4900774B4F /* IQNSArray+Sort.m in Sources */ = {isa = PBXBuildFile; fileRef = 3076C156238AEE4900774B4F /* IQNSArray+Sort.m */; };
		3076C16C238AEE4900774B4F /* IQUIWindow+Hierarchy.m in Sources */ = {isa = PBXBuildFile; fileRef = 3076C157238AEE4900774B4F /* IQUIWindow+Hierarchy.m */; };
		3076C16D238AEE4900774B4F /* IQUITextFieldView+Additions.m in Sources */ = {isa = PBXBuildFile; fileRef = 3076C159238AEE4900774B4F /* IQUITextFieldView+Additions.m */; };
		3076C16E238AEE4900774B4F /* IQUIScrollView+Additions.m in Sources */ = {isa = PBXBuildFile; fileRef = 3076C15A238AEE4900774B4F /* IQUIScrollView+Additions.m */; };
		3076C16F238AEE4900774B4F /* IQUIView+Hierarchy.m in Sources */ = {isa = PBXBuildFile; fileRef = 3076C15B238AEE4900774B4F /* IQUIView+Hierarchy.m */; };
		3076C170238AEE4A00774B4F /* IQUIViewController+Additions.m in Sources */ = {isa = PBXBuildFile; fileRef = 3076C160238AEE4900774B4F /* IQUIViewController+Additions.m */; };
		3076C171238AEE4A00774B4F /* IQKeyboardReturnKeyHandler.m in Sources */ = {isa = PBXBuildFile; fileRef = 3076C162238AEE4900774B4F /* IQKeyboardReturnKeyHandler.m */; };
		3076C173238AF1FB00774B4F /* done_btn@3x.png in Resources */ = {isa = PBXBuildFile; fileRef = 3076C172238AF1FB00774B4F /* done_btn@3x.png */; };
		30C007932324D4AB000B2538 /* SVRadialGradientLayer.m in Sources */ = {isa = PBXBuildFile; fileRef = 30C0076C2324D4AA000B2538 /* SVRadialGradientLayer.m */; };
		30C007942324D4AB000B2538 /* MBProgressHUD+NJ.m in Sources */ = {isa = PBXBuildFile; fileRef = 30C0076F2324D4AA000B2538 /* MBProgressHUD+NJ.m */; };
		30C007952324D4AB000B2538 /* SVProgressHUD.m in Sources */ = {isa = PBXBuildFile; fileRef = 30C007732324D4AA000B2538 /* SVProgressHUD.m */; };
		30C007962324D4AB000B2538 /* SVIndefiniteAnimatedView.m in Sources */ = {isa = PBXBuildFile; fileRef = 30C007742324D4AA000B2538 /* SVIndefiniteAnimatedView.m */; };
		30C007972324D4AB000B2538 /* SVProgressHUD.bundle in Resources */ = {isa = PBXBuildFile; fileRef = 30C007752324D4AA000B2538 /* SVProgressHUD.bundle */; };
		30C0079A2324D4AB000B2538 /* MJMember.m in Sources */ = {isa = PBXBuildFile; fileRef = 30C0077C2324D4AA000B2538 /* MJMember.m */; };
		30C0079B2324D4AB000B2538 /* NSObject+MJKeyValue.m in Sources */ = {isa = PBXBuildFile; fileRef = 30C0077F2324D4AA000B2538 /* NSObject+MJKeyValue.m */; };
		30C0079C2324D4AB000B2538 /* MJIvar.m in Sources */ = {isa = PBXBuildFile; fileRef = 30C007802324D4AA000B2538 /* MJIvar.m */; };
		30C0079D2324D4AB000B2538 /* MJType.m in Sources */ = {isa = PBXBuildFile; fileRef = 30C007832324D4AA000B2538 /* MJType.m */; };
		30C0079E2324D4AB000B2538 /* MJConst.m in Sources */ = {isa = PBXBuildFile; fileRef = 30C007842324D4AA000B2538 /* MJConst.m */; };
		30C0079F2324D4AB000B2538 /* MJTypeEncoding.m in Sources */ = {isa = PBXBuildFile; fileRef = 30C007852324D4AA000B2538 /* MJTypeEncoding.m */; };
		30C007A02324D4AB000B2538 /* NSObject+MJCoding.m in Sources */ = {isa = PBXBuildFile; fileRef = 30C007862324D4AA000B2538 /* NSObject+MJCoding.m */; };
		30C007A12324D4AB000B2538 /* MJMethod.m in Sources */ = {isa = PBXBuildFile; fileRef = 30C007892324D4AB000B2538 /* MJMethod.m */; };
		30C007A22324D4AB000B2538 /* MJArgument.m in Sources */ = {isa = PBXBuildFile; fileRef = 30C0078A2324D4AB000B2538 /* MJArgument.m */; };
		30C007A32324D4AB000B2538 /* MJFoundation.m in Sources */ = {isa = PBXBuildFile; fileRef = 30C007912324D4AB000B2538 /* MJFoundation.m */; };
		30C007A42324D4AB000B2538 /* NSObject+MJMember.m in Sources */ = {isa = PBXBuildFile; fileRef = 30C007922324D4AB000B2538 /* NSObject+MJMember.m */; };
		30C007A72324DA1A000B2538 /* add_btn@3x.png in Resources */ = {isa = PBXBuildFile; fileRef = 30C007A62324DA1A000B2538 /* add_btn@3x.png */; };
		30C007AC23253368000B2538 /* SGTableViewCell.m in Sources */ = {isa = PBXBuildFile; fileRef = 30C007A923253368000B2538 /* SGTableViewCell.m */; };
		30C007B023253398000B2538 /* ViewController.m in Sources */ = {isa = PBXBuildFile; fileRef = 30C007AE23253397000B2538 /* ViewController.m */; };
		30C007B4232533CB000B2538 /* HeaderCell.m in Sources */ = {isa = PBXBuildFile; fileRef = 30C007B2232533CB000B2538 /* HeaderCell.m */; };
		30C007B723253A3A000B2538 /* header_btn@3x.png in Resources */ = {isa = PBXBuildFile; fileRef = 30C007B623253A3A000B2538 /* header_btn@3x.png */; };
		30C007C12325408A000B2538 /* UserViewCtrl.m in Sources */ = {isa = PBXBuildFile; fileRef = 30C007BF2325408A000B2538 /* UserViewCtrl.m */; };
		30C007C423255161000B2538 /* appicon@3x.png in Resources */ = {isa = PBXBuildFile; fileRef = 30C007C323255160000B2538 /* appicon@3x.png */; };
		30D78B9F2402CC65003EA689 /* WebViewCtrl.m in Sources */ = {isa = PBXBuildFile; fileRef = 30D78B9D2402CC65003EA689 /* WebViewCtrl.m */; };
		30D78BA02402CC65003EA689 /* WebViewCtrl.xib in Resources */ = {isa = PBXBuildFile; fileRef = 30D78B9E2402CC65003EA689 /* WebViewCtrl.xib */; };
		30EF60CC2324BFBB00DBBF2D /* UIView+Frame.m in Sources */ = {isa = PBXBuildFile; fileRef = 30EF60CA2324BFBA00DBBF2D /* UIView+Frame.m */; };
		30EF60D02324C08C00DBBF2D /* LoginViewCtrl.m in Sources */ = {isa = PBXBuildFile; fileRef = 30EF60CE2324C08C00DBBF2D /* LoginViewCtrl.m */; };
		30F2C999232152290065C6C6 /* AppDelegate.m in Sources */ = {isa = PBXBuildFile; fileRef = 30F2C998232152290065C6C6 /* AppDelegate.m */; };
		30F2C99F232152290065C6C6 /* Main.storyboard in Resources */ = {isa = PBXBuildFile; fileRef = 30F2C99D232152290065C6C6 /* Main.storyboard */; };
		30F2C9A12321522B0065C6C6 /* Assets.xcassets in Resources */ = {isa = PBXBuildFile; fileRef = 30F2C9A02321522B0065C6C6 /* Assets.xcassets */; };
		30F2C9A42321522B0065C6C6 /* LaunchScreen.storyboard in Resources */ = {isa = PBXBuildFile; fileRef = 30F2C9A22321522B0065C6C6 /* LaunchScreen.storyboard */; };
		30F2C9A72321522B0065C6C6 /* main.m in Sources */ = {isa = PBXBuildFile; fileRef = 30F2C9A62321522B0065C6C6 /* main.m */; };
		AD9C301DD3027D4E038E0977 /* libPods-passwordmanagement.a in Frameworks */ = {isa = PBXBuildFile; fileRef = 205591C7DFCB69F52FDFB7E1 /* libPods-passwordmanagement.a */; };
/* End PBXBuildFile section */

/* Begin PBXFileReference section */
		205591C7DFCB69F52FDFB7E1 /* libPods-passwordmanagement.a */ = {isa = PBXFileReference; explicitFileType = archive.ar; includeInIndex = 0; path = "libPods-passwordmanagement.a"; sourceTree = BUILT_PRODUCTS_DIR; };
		30177D0023AF045500A6A6CE /* PrivacyViewCtrl.h */ = {isa = PBXFileReference; lastKnownFileType = sourcecode.c.h; path = PrivacyViewCtrl.h; sourceTree = "<group>"; };
		30177D0123AF045500A6A6CE /* PrivacyViewCtrl.m */ = {isa = PBXFileReference; lastKnownFileType = sourcecode.c.objc; path = PrivacyViewCtrl.m; sourceTree = "<group>"; };
		30177D0223AF045500A6A6CE /* PrivacyViewCtrl.xib */ = {isa = PBXFileReference; lastKnownFileType = file.xib; path = PrivacyViewCtrl.xib; sourceTree = "<group>"; };
		30177D0523AF0BD000A6A6CE /* close_btn@3x.png */ = {isa = PBXFileReference; lastKnownFileType = image.png; path = "close_btn@3x.png"; sourceTree = "<group>"; };
		305C87DB240230D400E5E589 /* zh-Hans */ = {isa = PBXFileReference; lastKnownFileType = text.plist.strings; name = "zh-Hans"; path = "zh-Hans.lproj/Main.strings"; sourceTree = "<group>"; };
		305C87DC240230D400E5E589 /* zh-Hans */ = {isa = PBXFileReference; lastKnownFileType = text.plist.strings; name = "zh-Hans"; path = "zh-Hans.lproj/LaunchScreen.strings"; sourceTree = "<group>"; };
		305C87E42402331D00E5E589 /* en */ = {isa = PBXFileReference; lastKnownFileType = text.plist.strings; name = en; path = en.lproj/Main.strings; sourceTree = "<group>"; };
		305C87E62402332300E5E589 /* en */ = {isa = PBXFileReference; lastKnownFileType = text.plist.strings; name = en; path = en.lproj/LaunchScreen.strings; sourceTree = "<group>"; };
		305C87EA2402345000E5E589 /* en */ = {isa = PBXFileReference; lastKnownFileType = text.plist.strings; name = en; path = en.lproj/InfoPlist.strings; sourceTree = "<group>"; };
		305C87EC2402345600E5E589 /* zh-Hans */ = {isa = PBXFileReference; lastKnownFileType = text.plist.strings; name = "zh-Hans"; path = "zh-Hans.lproj/InfoPlist.strings"; sourceTree = "<group>"; };
		305C87F4240237A900E5E589 /* en */ = {isa = PBXFileReference; lastKnownFileType = file.xib; name = en; path = en.lproj/LoginViewCtrl.xib; sourceTree = "<group>"; };
		305C87F9240239C700E5E589 /* zh-Hans */ = {isa = PBXFileReference; lastKnownFileType = file.xib; name = "zh-Hans"; path = "zh-Hans.lproj/LoginViewCtrl.xib"; sourceTree = "<group>"; };
		305C880224023DDC00E5E589 /* Base */ = {isa = PBXFileReference; lastKnownFileType = file.xib; name = Base; path = Base.lproj/HeaderCell.xib; sourceTree = "<group>"; };
		305C880524023DE000E5E589 /* en */ = {isa = PBXFileReference; lastKnownFileType = text.plist.strings; name = en; path = en.lproj/HeaderCell.strings; sourceTree = "<group>"; };
		305C880724023DE900E5E589 /* zh-Hans */ = {isa = PBXFileReference; lastKnownFileType = text.plist.strings; name = "zh-Hans"; path = "zh-Hans.lproj/HeaderCell.strings"; sourceTree = "<group>"; };
		305C880924023E0B00E5E589 /* Base */ = {isa = PBXFileReference; lastKnownFileType = file.xib; name = Base; path = Base.lproj/SGTableViewCell.xib; sourceTree = "<group>"; };
		305C880C24023E1600E5E589 /* en */ = {isa = PBXFileReference; lastKnownFileType = text.plist.strings; name = en; path = en.lproj/SGTableViewCell.strings; sourceTree = "<group>"; };
		305C880E24023E1700E5E589 /* zh-Hans */ = {isa = PBXFileReference; lastKnownFileType = text.plist.strings; name = "zh-Hans"; path = "zh-Hans.lproj/SGTableViewCell.strings"; sourceTree = "<group>"; };
		305C881224023F6F00E5E589 /* en */ = {isa = PBXFileReference; lastKnownFileType = text.plist.strings; name = en; path = en.lproj/Localizable.strings; sourceTree = "<group>"; };
		305C881424023F7000E5E589 /* zh-Hans */ = {isa = PBXFileReference; lastKnownFileType = text.plist.strings; name = "zh-Hans"; path = "zh-Hans.lproj/Localizable.strings"; sourceTree = "<group>"; };
		305C88162402479600E5E589 /* Base */ = {isa = PBXFileReference; lastKnownFileType = file.xib; name = Base; path = Base.lproj/UserViewCtrl.xib; sourceTree = "<group>"; };
		305C8819240247A900E5E589 /* en */ = {isa = PBXFileReference; lastKnownFileType = text.plist.strings; name = en; path = en.lproj/UserViewCtrl.strings; sourceTree = "<group>"; };
		305C881B240247AA00E5E589 /* zh-Hans */ = {isa = PBXFileReference; lastKnownFileType = text.plist.strings; name = "zh-Hans"; path = "zh-Hans.lproj/UserViewCtrl.strings"; sourceTree = "<group>"; };
		305C881D240248D900E5E589 /* Base */ = {isa = PBXFileReference; lastKnownFileType = file.xib; name = Base; path = Base.lproj/InsertViewCtrl.xib; sourceTree = "<group>"; };
		305C8820240248DB00E5E589 /* en */ = {isa = PBXFileReference; lastKnownFileType = text.plist.strings; name = en; path = en.lproj/InsertViewCtrl.strings; sourceTree = "<group>"; };
		305C8822240248DC00E5E589 /* zh-Hans */ = {isa = PBXFileReference; lastKnownFileType = text.plist.strings; name = "zh-Hans"; path = "zh-Hans.lproj/InsertViewCtrl.strings"; sourceTree = "<group>"; };
		3060EA2523430C0600E847D6 /* AccountModel.m */ = {isa = PBXFileReference; fileEncoding = 4; lastKnownFileType = sourcecode.c.objc; path = AccountModel.m; sourceTree = "<group>"; };
		3060EA2623430C0600E847D6 /* AccountModel.h */ = {isa = PBXFileReference; fileEncoding = 4; lastKnownFileType = sourcecode.c.h; path = AccountModel.h; sourceTree = "<group>"; };
		3076C136238A66B400774B4F /* search_btn@2x.png */ = {isa = PBXFileReference; lastKnownFileType = image.png; path = "search_btn@2x.png"; sourceTree = "<group>"; };
		3076C139238AC38400774B4F /* InsertViewCtrl.h */ = {isa = PBXFileReference; lastKnownFileType = sourcecode.c.h; path = InsertViewCtrl.h; sourceTree = "<group>"; };
		3076C13A238AC38400774B4F /* InsertViewCtrl.m */ = {isa = PBXFileReference; lastKnownFileType = sourcecode.c.objc; path = InsertViewCtrl.m; sourceTree = "<group>"; };
		3076C140238AEE4900774B4F /* IQTextView.m */ = {isa = PBXFileReference; fileEncoding = 4; lastKnownFileType = sourcecode.c.objc; path = IQTextView.m; sourceTree = "<group>"; };
		3076C141238AEE4900774B4F /* IQTextView.h */ = {isa = PBXFileReference; fileEncoding = 4; lastKnownFileType = sourcecode.c.h; path = IQTextView.h; sourceTree = "<group>"; };
		3076C143238AEE4900774B4F /* IQUIView+IQKeyboardToolbar.h */ = {isa = PBXFileReference; fileEncoding = 4; lastKnownFileType = sourcecode.c.h; path = "IQUIView+IQKeyboardToolbar.h"; sourceTree = "<group>"; };
		3076C144238AEE4900774B4F /* IQToolbar.m */ = {isa = PBXFileReference; fileEncoding = 4; lastKnownFileType = sourcecode.c.objc; path = IQToolbar.m; sourceTree = "<group>"; };
		3076C145238AEE4900774B4F /* IQPreviousNextView.h */ = {isa = PBXFileReference; fileEncoding = 4; lastKnownFileType = sourcecode.c.h; path = IQPreviousNextView.h; sourceTree = "<group>"; };
		3076C146238AEE4900774B4F /* IQTitleBarButtonItem.m */ = {isa = PBXFileReference; fileEncoding = 4; lastKnownFileType = sourcecode.c.objc; path = IQTitleBarButtonItem.m; sourceTree = "<group>"; };
		3076C147238AEE4900774B4F /* IQBarButtonItem.m */ = {isa = PBXFileReference; fileEncoding = 4; lastKnownFileType = sourcecode.c.objc; path = IQBarButtonItem.m; sourceTree = "<group>"; };
		3076C148238AEE4900774B4F /* IQUIView+IQKeyboardToolbar.m */ = {isa = PBXFileReference; fileEncoding = 4; lastKnownFileType = sourcecode.c.objc; path = "IQUIView+IQKeyboardToolbar.m"; sourceTree = "<group>"; };
		3076C149238AEE4900774B4F /* IQPreviousNextView.m */ = {isa = PBXFileReference; fileEncoding = 4; lastKnownFileType = sourcecode.c.objc; path = IQPreviousNextView.m; sourceTree = "<group>"; };
		3076C14A238AEE4900774B4F /* IQToolbar.h */ = {isa = PBXFileReference; fileEncoding = 4; lastKnownFileType = sourcecode.c.h; path = IQToolbar.h; sourceTree = "<group>"; };
		3076C14B238AEE4900774B4F /* IQBarButtonItem.h */ = {isa = PBXFileReference; fileEncoding = 4; lastKnownFileType = sourcecode.c.h; path = IQBarButtonItem.h; sourceTree = "<group>"; };
		3076C14C238AEE4900774B4F /* IQTitleBarButtonItem.h */ = {isa = PBXFileReference; fileEncoding = 4; lastKnownFileType = sourcecode.c.h; path = IQTitleBarButtonItem.h; sourceTree = "<group>"; };
		3076C14E238AEE4900774B4F /* IQKeyboardManagerConstantsInternal.h */ = {isa = PBXFileReference; fileEncoding = 4; lastKnownFileType = sourcecode.c.h; path = IQKeyboardManagerConstantsInternal.h; sourceTree = "<group>"; };
		3076C14F238AEE4900774B4F /* IQKeyboardManagerConstants.h */ = {isa = PBXFileReference; fileEncoding = 4; lastKnownFileType = sourcecode.c.h; path = IQKeyboardManagerConstants.h; sourceTree = "<group>"; };
		3076C151238AEE4900774B4F /* IQKeyboardManager.bundle */ = {isa = PBXFileReference; lastKnownFileType = "wrapper.plug-in"; path = IQKeyboardManager.bundle; sourceTree = "<group>"; };
		3076C152238AEE4900774B4F /* IQKeyboardReturnKeyHandler.h */ = {isa = PBXFileReference; fileEncoding = 4; lastKnownFileType = sourcecode.c.h; path = IQKeyboardReturnKeyHandler.h; sourceTree = "<group>"; };
		3076C153238AEE4900774B4F /* IQKeyboardManager.h */ = {isa = PBXFileReference; fileEncoding = 4; lastKnownFileType = sourcecode.c.h; path = IQKeyboardManager.h; sourceTree = "<group>"; };
		3076C154238AEE4900774B4F /* IQKeyboardManager.m */ = {isa = PBXFileReference; fileEncoding = 4; lastKnownFileType = sourcecode.c.objc; path = IQKeyboardManager.m; sourceTree = "<group>"; };
		3076C156238AEE4900774B4F /* IQNSArray+Sort.m */ = {isa = PBXFileReference; fileEncoding = 4; lastKnownFileType = sourcecode.c.objc; path = "IQNSArray+Sort.m"; sourceTree = "<group>"; };
		3076C157238AEE4900774B4F /* IQUIWindow+Hierarchy.m */ = {isa = PBXFileReference; fileEncoding = 4; lastKnownFileType = sourcecode.c.objc; path = "IQUIWindow+Hierarchy.m"; sourceTree = "<group>"; };
		3076C158238AEE4900774B4F /* IQUIViewController+Additions.h */ = {isa = PBXFileReference; fileEncoding = 4; lastKnownFileType = sourcecode.c.h; path = "IQUIViewController+Additions.h"; sourceTree = "<group>"; };
		3076C159238AEE4900774B4F /* IQUITextFieldView+Additions.m */ = {isa = PBXFileReference; fileEncoding = 4; lastKnownFileType = sourcecode.c.objc; path = "IQUITextFieldView+Additions.m"; sourceTree = "<group>"; };
		3076C15A238AEE4900774B4F /* IQUIScrollView+Additions.m */ = {isa = PBXFileReference; fileEncoding = 4; lastKnownFileType = sourcecode.c.objc; path = "IQUIScrollView+Additions.m"; sourceTree = "<group>"; };
		3076C15B238AEE4900774B4F /* IQUIView+Hierarchy.m */ = {isa = PBXFileReference; fileEncoding = 4; lastKnownFileType = sourcecode.c.objc; path = "IQUIView+Hierarchy.m"; sourceTree = "<group>"; };
		3076C15C238AEE4900774B4F /* IQUIWindow+Hierarchy.h */ = {isa = PBXFileReference; fileEncoding = 4; lastKnownFileType = sourcecode.c.h; path = "IQUIWindow+Hierarchy.h"; sourceTree = "<group>"; };
		3076C15D238AEE4900774B4F /* IQNSArray+Sort.h */ = {isa = PBXFileReference; fileEncoding = 4; lastKnownFileType = sourcecode.c.h; path = "IQNSArray+Sort.h"; sourceTree = "<group>"; };
		3076C15E238AEE4900774B4F /* IQUIScrollView+Additions.h */ = {isa = PBXFileReference; fileEncoding = 4; lastKnownFileType = sourcecode.c.h; path = "IQUIScrollView+Additions.h"; sourceTree = "<group>"; };
		3076C15F238AEE4900774B4F /* IQUITextFieldView+Additions.h */ = {isa = PBXFileReference; fileEncoding = 4; lastKnownFileType = sourcecode.c.h; path = "IQUITextFieldView+Additions.h"; sourceTree = "<group>"; };
		3076C160238AEE4900774B4F /* IQUIViewController+Additions.m */ = {isa = PBXFileReference; fileEncoding = 4; lastKnownFileType = sourcecode.c.objc; path = "IQUIViewController+Additions.m"; sourceTree = "<group>"; };
		3076C161238AEE4900774B4F /* IQUIView+Hierarchy.h */ = {isa = PBXFileReference; fileEncoding = 4; lastKnownFileType = sourcecode.c.h; path = "IQUIView+Hierarchy.h"; sourceTree = "<group>"; };
		3076C162238AEE4900774B4F /* IQKeyboardReturnKeyHandler.m */ = {isa = PBXFileReference; fileEncoding = 4; lastKnownFileType = sourcecode.c.objc; path = IQKeyboardReturnKeyHandler.m; sourceTree = "<group>"; };
		3076C172238AF1FB00774B4F /* done_btn@3x.png */ = {isa = PBXFileReference; lastKnownFileType = image.png; path = "done_btn@3x.png"; sourceTree = "<group>"; };
		30C0076C2324D4AA000B2538 /* SVRadialGradientLayer.m */ = {isa = PBXFileReference; fileEncoding = 4; lastKnownFileType = sourcecode.c.objc; path = SVRadialGradientLayer.m; sourceTree = "<group>"; };
		30C0076D2324D4AA000B2538 /* SVIndefiniteAnimatedView.h */ = {isa = PBXFileReference; fileEncoding = 4; lastKnownFileType = sourcecode.c.h; path = SVIndefiniteAnimatedView.h; sourceTree = "<group>"; };
		30C0076E2324D4AA000B2538 /* SVProgressHUD.h */ = {isa = PBXFileReference; fileEncoding = 4; lastKnownFileType = sourcecode.c.h; path = SVProgressHUD.h; sourceTree = "<group>"; };
		30C0076F2324D4AA000B2538 /* MBProgressHUD+NJ.m */ = {isa = PBXFileReference; fileEncoding = 4; lastKnownFileType = sourcecode.c.objc; path = "MBProgressHUD+NJ.m"; sourceTree = "<group>"; };
		30C007702324D4AA000B2538 /* SVProgressHUD-Prefix.pch */ = {isa = PBXFileReference; fileEncoding = 4; lastKnownFileType = sourcecode.c.h; path = "SVProgressHUD-Prefix.pch"; sourceTree = "<group>"; };
		30C007712324D4AA000B2538 /* SVRadialGradientLayer.h */ = {isa = PBXFileReference; fileEncoding = 4; lastKnownFileType = sourcecode.c.h; path = SVRadialGradientLayer.h; sourceTree = "<group>"; };
		30C007722324D4AA000B2538 /* MBProgressHUD+NJ.h */ = {isa = PBXFileReference; fileEncoding = 4; lastKnownFileType = sourcecode.c.h; path = "MBProgressHUD+NJ.h"; sourceTree = "<group>"; };
		30C007732324D4AA000B2538 /* SVProgressHUD.m */ = {isa = PBXFileReference; fileEncoding = 4; lastKnownFileType = sourcecode.c.objc; path = SVProgressHUD.m; sourceTree = "<group>"; };
		30C007742324D4AA000B2538 /* SVIndefiniteAnimatedView.m */ = {isa = PBXFileReference; fileEncoding = 4; lastKnownFileType = sourcecode.c.objc; path = SVIndefiniteAnimatedView.m; sourceTree = "<group>"; };
		30C007752324D4AA000B2538 /* SVProgressHUD.bundle */ = {isa = PBXFileReference; lastKnownFileType = "wrapper.plug-in"; path = SVProgressHUD.bundle; sourceTree = "<group>"; };
		30C0077C2324D4AA000B2538 /* MJMember.m */ = {isa = PBXFileReference; fileEncoding = 4; lastKnownFileType = sourcecode.c.objc; path = MJMember.m; sourceTree = "<group>"; };
		30C0077D2324D4AA000B2538 /* MJArgument.h */ = {isa = PBXFileReference; fileEncoding = 4; lastKnownFileType = sourcecode.c.h; path = MJArgument.h; sourceTree = "<group>"; };
		30C0077E2324D4AA000B2538 /* MJMethod.h */ = {isa = PBXFileReference; fileEncoding = 4; lastKnownFileType = sourcecode.c.h; path = MJMethod.h; sourceTree = "<group>"; };
		30C0077F2324D4AA000B2538 /* NSObject+MJKeyValue.m */ = {isa = PBXFileReference; fileEncoding = 4; lastKnownFileType = sourcecode.c.objc; path = "NSObject+MJKeyValue.m"; sourceTree = "<group>"; };
		30C007802324D4AA000B2538 /* MJIvar.m */ = {isa = PBXFileReference; fileEncoding = 4; lastKnownFileType = sourcecode.c.objc; path = MJIvar.m; sourceTree = "<group>"; };
		30C007812324D4AA000B2538 /* NSObject+MJMember.h */ = {isa = PBXFileReference; fileEncoding = 4; lastKnownFileType = sourcecode.c.h; path = "NSObject+MJMember.h"; sourceTree = "<group>"; };
		30C007822324D4AA000B2538 /* MJFoundation.h */ = {isa = PBXFileReference; fileEncoding = 4; lastKnownFileType = sourcecode.c.h; path = MJFoundation.h; sourceTree = "<group>"; };
		30C007832324D4AA000B2538 /* MJType.m */ = {isa = PBXFileReference; fileEncoding = 4; lastKnownFileType = sourcecode.c.objc; path = MJType.m; sourceTree = "<group>"; };
		30C007842324D4AA000B2538 /* MJConst.m */ = {isa = PBXFileReference; fileEncoding = 4; lastKnownFileType = sourcecode.c.objc; path = MJConst.m; sourceTree = "<group>"; };
		30C007852324D4AA000B2538 /* MJTypeEncoding.m */ = {isa = PBXFileReference; fileEncoding = 4; lastKnownFileType = sourcecode.c.objc; path = MJTypeEncoding.m; sourceTree = "<group>"; };
		30C007862324D4AA000B2538 /* NSObject+MJCoding.m */ = {isa = PBXFileReference; fileEncoding = 4; lastKnownFileType = sourcecode.c.objc; path = "NSObject+MJCoding.m"; sourceTree = "<group>"; };
		30C007872324D4AA000B2538 /* MJExtension.h */ = {isa = PBXFileReference; fileEncoding = 4; lastKnownFileType = sourcecode.c.h; path = MJExtension.h; sourceTree = "<group>"; };
		30C007882324D4AA000B2538 /* MJMember.h */ = {isa = PBXFileReference; fileEncoding = 4; lastKnownFileType = sourcecode.c.h; path = MJMember.h; sourceTree = "<group>"; };
		30C007892324D4AB000B2538 /* MJMethod.m */ = {isa = PBXFileReference; fileEncoding = 4; lastKnownFileType = sourcecode.c.objc; path = MJMethod.m; sourceTree = "<group>"; };
		30C0078A2324D4AB000B2538 /* MJArgument.m */ = {isa = PBXFileReference; fileEncoding = 4; lastKnownFileType = sourcecode.c.objc; path = MJArgument.m; sourceTree = "<group>"; };
		30C0078B2324D4AB000B2538 /* MJIvar.h */ = {isa = PBXFileReference; fileEncoding = 4; lastKnownFileType = sourcecode.c.h; path = MJIvar.h; sourceTree = "<group>"; };
		30C0078C2324D4AB000B2538 /* NSObject+MJKeyValue.h */ = {isa = PBXFileReference; fileEncoding = 4; lastKnownFileType = sourcecode.c.h; path = "NSObject+MJKeyValue.h"; sourceTree = "<group>"; };
		30C0078D2324D4AB000B2538 /* NSObject+MJCoding.h */ = {isa = PBXFileReference; fileEncoding = 4; lastKnownFileType = sourcecode.c.h; path = "NSObject+MJCoding.h"; sourceTree = "<group>"; };
		30C0078E2324D4AB000B2538 /* MJTypeEncoding.h */ = {isa = PBXFileReference; fileEncoding = 4; lastKnownFileType = sourcecode.c.h; path = MJTypeEncoding.h; sourceTree = "<group>"; };
		30C0078F2324D4AB000B2538 /* MJConst.h */ = {isa = PBXFileReference; fileEncoding = 4; lastKnownFileType = sourcecode.c.h; path = MJConst.h; sourceTree = "<group>"; };
		30C007902324D4AB000B2538 /* MJType.h */ = {isa = PBXFileReference; fileEncoding = 4; lastKnownFileType = sourcecode.c.h; path = MJType.h; sourceTree = "<group>"; };
		30C007912324D4AB000B2538 /* MJFoundation.m */ = {isa = PBXFileReference; fileEncoding = 4; lastKnownFileType = sourcecode.c.objc; path = MJFoundation.m; sourceTree = "<group>"; };
		30C007922324D4AB000B2538 /* NSObject+MJMember.m */ = {isa = PBXFileReference; fileEncoding = 4; lastKnownFileType = sourcecode.c.objc; path = "NSObject+MJMember.m"; sourceTree = "<group>"; };
		30C007A62324DA1A000B2538 /* add_btn@3x.png */ = {isa = PBXFileReference; lastKnownFileType = image.png; path = "add_btn@3x.png"; sourceTree = "<group>"; };
		30C007A923253368000B2538 /* SGTableViewCell.m */ = {isa = PBXFileReference; fileEncoding = 4; lastKnownFileType = sourcecode.c.objc; path = SGTableViewCell.m; sourceTree = "<group>"; };
		30C007AB23253368000B2538 /* SGTableViewCell.h */ = {isa = PBXFileReference; fileEncoding = 4; lastKnownFileType = sourcecode.c.h; path = SGTableViewCell.h; sourceTree = "<group>"; };
		30C007AE23253397000B2538 /* ViewController.m */ = {isa = PBXFileReference; fileEncoding = 4; lastKnownFileType = sourcecode.c.objc; path = ViewController.m; sourceTree = "<group>"; };
		30C007AF23253398000B2538 /* ViewController.h */ = {isa = PBXFileReference; fileEncoding = 4; lastKnownFileType = sourcecode.c.h; path = ViewController.h; sourceTree = "<group>"; };
		30C007B1232533CB000B2538 /* HeaderCell.h */ = {isa = PBXFileReference; lastKnownFileType = sourcecode.c.h; path = HeaderCell.h; sourceTree = "<group>"; };
		30C007B2232533CB000B2538 /* HeaderCell.m */ = {isa = PBXFileReference; lastKnownFileType = sourcecode.c.objc; path = HeaderCell.m; sourceTree = "<group>"; };
		30C007B623253A3A000B2538 /* header_btn@3x.png */ = {isa = PBXFileReference; lastKnownFileType = image.png; path = "header_btn@3x.png"; sourceTree = "<group>"; };
		30C007BE2325408A000B2538 /* UserViewCtrl.h */ = {isa = PBXFileReference; lastKnownFileType = sourcecode.c.h; path = UserViewCtrl.h; sourceTree = "<group>"; };
		30C007BF2325408A000B2538 /* UserViewCtrl.m */ = {isa = PBXFileReference; lastKnownFileType = sourcecode.c.objc; path = UserViewCtrl.m; sourceTree = "<group>"; };
		30C007C323255160000B2538 /* appicon@3x.png */ = {isa = PBXFileReference; lastKnownFileType = image.png; path = "appicon@3x.png"; sourceTree = "<group>"; };
		30D78B9C2402CC65003EA689 /* WebViewCtrl.h */ = {isa = PBXFileReference; lastKnownFileType = sourcecode.c.h; path = WebViewCtrl.h; sourceTree = "<group>"; };
		30D78B9D2402CC65003EA689 /* WebViewCtrl.m */ = {isa = PBXFileReference; lastKnownFileType = sourcecode.c.objc; path = WebViewCtrl.m; sourceTree = "<group>"; };
		30D78B9E2402CC65003EA689 /* WebViewCtrl.xib */ = {isa = PBXFileReference; lastKnownFileType = file.xib; path = WebViewCtrl.xib; sourceTree = "<group>"; };
		30D78BA124040648003EA689 /* ja */ = {isa = PBXFileReference; lastKnownFileType = text.plist.strings; name = ja; path = ja.lproj/InsertViewCtrl.strings; sourceTree = "<group>"; };
		30D78BA224040648003EA689 /* ja */ = {isa = PBXFileReference; lastKnownFileType = text.plist.strings; name = ja; path = ja.lproj/UserViewCtrl.strings; sourceTree = "<group>"; };
		30D78BA324040648003EA689 /* ja */ = {isa = PBXFileReference; lastKnownFileType = text.plist.strings; name = ja; path = ja.lproj/SGTableViewCell.strings; sourceTree = "<group>"; };
		30D78BA424040648003EA689 /* ja */ = {isa = PBXFileReference; lastKnownFileType = text.plist.strings; name = ja; path = ja.lproj/HeaderCell.strings; sourceTree = "<group>"; };
		30D78BA524040648003EA689 /* ja */ = {isa = PBXFileReference; lastKnownFileType = text.plist.strings; name = ja; path = ja.lproj/Main.strings; sourceTree = "<group>"; };
		30D78BA624040648003EA689 /* ja */ = {isa = PBXFileReference; lastKnownFileType = text.plist.strings; name = ja; path = ja.lproj/LaunchScreen.strings; sourceTree = "<group>"; };
		30D78BA724040648003EA689 /* ja */ = {isa = PBXFileReference; lastKnownFileType = file.xib; name = ja; path = ja.lproj/LoginViewCtrl.xib; sourceTree = "<group>"; };
		30D78BA824040648003EA689 /* ja */ = {isa = PBXFileReference; lastKnownFileType = text.plist.strings; name = ja; path = ja.lproj/InfoPlist.strings; sourceTree = "<group>"; };
		30D78BA924040648003EA689 /* ja */ = {isa = PBXFileReference; lastKnownFileType = text.plist.strings; name = ja; path = ja.lproj/Localizable.strings; sourceTree = "<group>"; };
		30EF60CA2324BFBA00DBBF2D /* UIView+Frame.m */ = {isa = PBXFileReference; fileEncoding = 4; lastKnownFileType = sourcecode.c.objc; path = "UIView+Frame.m"; sourceTree = "<group>"; };
		30EF60CB2324BFBA00DBBF2D /* UIView+Frame.h */ = {isa = PBXFileReference; fileEncoding = 4; lastKnownFileType = sourcecode.c.h; path = "UIView+Frame.h"; sourceTree = "<group>"; };
		30EF60CD2324C08C00DBBF2D /* LoginViewCtrl.h */ = {isa = PBXFileReference; lastKnownFileType = sourcecode.c.h; path = LoginViewCtrl.h; sourceTree = "<group>"; };
		30EF60CE2324C08C00DBBF2D /* LoginViewCtrl.m */ = {isa = PBXFileReference; lastKnownFileType = sourcecode.c.objc; path = LoginViewCtrl.m; sourceTree = "<group>"; };
		30F2C994232152290065C6C6 /* passwordmanagement.app */ = {isa = PBXFileReference; explicitFileType = wrapper.application; includeInIndex = 0; path = passwordmanagement.app; sourceTree = BUILT_PRODUCTS_DIR; };
		30F2C997232152290065C6C6 /* AppDelegate.h */ = {isa = PBXFileReference; lastKnownFileType = sourcecode.c.h; path = AppDelegate.h; sourceTree = "<group>"; };
		30F2C998232152290065C6C6 /* AppDelegate.m */ = {isa = PBXFileReference; lastKnownFileType = sourcecode.c.objc; path = AppDelegate.m; sourceTree = "<group>"; };
		30F2C99E232152290065C6C6 /* Base */ = {isa = PBXFileReference; lastKnownFileType = file.storyboard; name = Base; path = Base.lproj/Main.storyboard; sourceTree = "<group>"; };
		30F2C9A02321522B0065C6C6 /* Assets.xcassets */ = {isa = PBXFileReference; lastKnownFileType = folder.assetcatalog; path = Assets.xcassets; sourceTree = "<group>"; };
		30F2C9A32321522B0065C6C6 /* Base */ = {isa = PBXFileReference; lastKnownFileType = file.storyboard; name = Base; path = Base.lproj/LaunchScreen.storyboard; sourceTree = "<group>"; };
		30F2C9A52321522B0065C6C6 /* Info.plist */ = {isa = PBXFileReference; lastKnownFileType = text.plist.xml; path = Info.plist; sourceTree = "<group>"; };
		30F2C9A62321522B0065C6C6 /* main.m */ = {isa = PBXFileReference; lastKnownFileType = sourcecode.c.objc; path = main.m; sourceTree = "<group>"; };
		A4D15304A4E44B0AD74168EB /* Pods-passwordmanagement.debug.xcconfig */ = {isa = PBXFileReference; includeInIndex = 1; lastKnownFileType = text.xcconfig; name = "Pods-passwordmanagement.debug.xcconfig"; path = "Target Support Files/Pods-passwordmanagement/Pods-passwordmanagement.debug.xcconfig"; sourceTree = "<group>"; };
		D145FA4F2D5216FAEC0AB4D7 /* Pods-passwordmanagement.release.xcconfig */ = {isa = PBXFileReference; includeInIndex = 1; lastKnownFileType = text.xcconfig; name = "Pods-passwordmanagement.release.xcconfig"; path = "Target Support Files/Pods-passwordmanagement/Pods-passwordmanagement.release.xcconfig"; sourceTree = "<group>"; };
/* End PBXFileReference section */

/* Begin PBXFrameworksBuildPhase section */
		30F2C991232152290065C6C6 /* Frameworks */ = {
			isa = PBXFrameworksBuildPhase;
			buildActionMask = 2147483647;
			files = (
				AD9C301DD3027D4E038E0977 /* libPods-passwordmanagement.a in Frameworks */,
			);
			runOnlyForDeploymentPostprocessing = 0;
		};
/* End PBXFrameworksBuildPhase section */

/* Begin PBXGroup section */
		30177CFA23AF038F00A6A6CE /* 隐私 */ = {
			isa = PBXGroup;
			children = (
				30177D0023AF045500A6A6CE /* PrivacyViewCtrl.h */,
				30177D0123AF045500A6A6CE /* PrivacyViewCtrl.m */,
				30177D0223AF045500A6A6CE /* PrivacyViewCtrl.xib */,
			);
			path = "隐私";
			sourceTree = "<group>";
		};
		3060EA2023430BC500E847D6 /* model */ = {
			isa = PBXGroup;
			children = (
				3060EA2623430C0600E847D6 /* AccountModel.h */,
				3060EA2523430C0600E847D6 /* AccountModel.m */,
			);
			path = model;
			sourceTree = "<group>";
		};
		3060EA2123430BC500E847D6 /* view */ = {
			isa = PBXGroup;
			children = (
			);
			path = view;
			sourceTree = "<group>";
		};
		3076C138238AC32F00774B4F /* 创建与修改 */ = {
			isa = PBXGroup;
			children = (
				3076C139238AC38400774B4F /* InsertViewCtrl.h */,
				3076C13A238AC38400774B4F /* InsertViewCtrl.m */,
				305C881E240248D900E5E589 /* InsertViewCtrl.xib */,
			);
			path = "创建与修改";
			sourceTree = "<group>";
		};
		3076C13E238AEE4900774B4F /* IQKeyboardManager */ = {
			isa = PBXGroup;
			children = (
				3076C13F238AEE4900774B4F /* IQTextView */,
				3076C142238AEE4900774B4F /* IQToolbar */,
				3076C14D238AEE4900774B4F /* Constants */,
				3076C150238AEE4900774B4F /* Resources */,
				3076C152238AEE4900774B4F /* IQKeyboardReturnKeyHandler.h */,
				3076C153238AEE4900774B4F /* IQKeyboardManager.h */,
				3076C154238AEE4900774B4F /* IQKeyboardManager.m */,
				3076C155238AEE4900774B4F /* Categories */,
				3076C162238AEE4900774B4F /* IQKeyboardReturnKeyHandler.m */,
			);
			path = IQKeyboardManager;
			sourceTree = "<group>";
		};
		3076C13F238AEE4900774B4F /* IQTextView */ = {
			isa = PBXGroup;
			children = (
				3076C140238AEE4900774B4F /* IQTextView.m */,
				3076C141238AEE4900774B4F /* IQTextView.h */,
			);
			path = IQTextView;
			sourceTree = "<group>";
		};
		3076C142238AEE4900774B4F /* IQToolbar */ = {
			isa = PBXGroup;
			children = (
				3076C143238AEE4900774B4F /* IQUIView+IQKeyboardToolbar.h */,
				3076C144238AEE4900774B4F /* IQToolbar.m */,
				3076C145238AEE4900774B4F /* IQPreviousNextView.h */,
				3076C146238AEE4900774B4F /* IQTitleBarButtonItem.m */,
				3076C147238AEE4900774B4F /* IQBarButtonItem.m */,
				3076C148238AEE4900774B4F /* IQUIView+IQKeyboardToolbar.m */,
				3076C149238AEE4900774B4F /* IQPreviousNextView.m */,
				3076C14A238AEE4900774B4F /* IQToolbar.h */,
				3076C14B238AEE4900774B4F /* IQBarButtonItem.h */,
				3076C14C238AEE4900774B4F /* IQTitleBarButtonItem.h */,
			);
			path = IQToolbar;
			sourceTree = "<group>";
		};
		3076C14D238AEE4900774B4F /* Constants */ = {
			isa = PBXGroup;
			children = (
				3076C14E238AEE4900774B4F /* IQKeyboardManagerConstantsInternal.h */,
				3076C14F238AEE4900774B4F /* IQKeyboardManagerConstants.h */,
			);
			path = Constants;
			sourceTree = "<group>";
		};
		3076C150238AEE4900774B4F /* Resources */ = {
			isa = PBXGroup;
			children = (
				3076C151238AEE4900774B4F /* IQKeyboardManager.bundle */,
			);
			path = Resources;
			sourceTree = "<group>";
		};
		3076C155238AEE4900774B4F /* Categories */ = {
			isa = PBXGroup;
			children = (
				3076C156238AEE4900774B4F /* IQNSArray+Sort.m */,
				3076C157238AEE4900774B4F /* IQUIWindow+Hierarchy.m */,
				3076C158238AEE4900774B4F /* IQUIViewController+Additions.h */,
				3076C159238AEE4900774B4F /* IQUITextFieldView+Additions.m */,
				3076C15A238AEE4900774B4F /* IQUIScrollView+Additions.m */,
				3076C15B238AEE4900774B4F /* IQUIView+Hierarchy.m */,
				3076C15C238AEE4900774B4F /* IQUIWindow+Hierarchy.h */,
				3076C15D238AEE4900774B4F /* IQNSArray+Sort.h */,
				3076C15E238AEE4900774B4F /* IQUIScrollView+Additions.h */,
				3076C15F238AEE4900774B4F /* IQUITextFieldView+Additions.h */,
				3076C160238AEE4900774B4F /* IQUIViewController+Additions.m */,
				3076C161238AEE4900774B4F /* IQUIView+Hierarchy.h */,
			);
			path = Categories;
			sourceTree = "<group>";
		};
		30C0076B2324D4AA000B2538 /* SVProgressHUD */ = {
			isa = PBXGroup;
			children = (
				30C0076C2324D4AA000B2538 /* SVRadialGradientLayer.m */,
				30C0076D2324D4AA000B2538 /* SVIndefiniteAnimatedView.h */,
				30C0076E2324D4AA000B2538 /* SVProgressHUD.h */,
				30C0076F2324D4AA000B2538 /* MBProgressHUD+NJ.m */,
				30C007702324D4AA000B2538 /* SVProgressHUD-Prefix.pch */,
				30C007712324D4AA000B2538 /* SVRadialGradientLayer.h */,
				30C007722324D4AA000B2538 /* MBProgressHUD+NJ.h */,
				30C007732324D4AA000B2538 /* SVProgressHUD.m */,
				30C007742324D4AA000B2538 /* SVIndefiniteAnimatedView.m */,
				30C007752324D4AA000B2538 /* SVProgressHUD.bundle */,
			);
			path = SVProgressHUD;
			sourceTree = "<group>";
		};
		30C0077B2324D4AA000B2538 /* MJExtension */ = {
			isa = PBXGroup;
			children = (
				30C0077C2324D4AA000B2538 /* MJMember.m */,
				30C0077D2324D4AA000B2538 /* MJArgument.h */,
				30C0077E2324D4AA000B2538 /* MJMethod.h */,
				30C0077F2324D4AA000B2538 /* NSObject+MJKeyValue.m */,
				30C007802324D4AA000B2538 /* MJIvar.m */,
				30C007812324D4AA000B2538 /* NSObject+MJMember.h */,
				30C007822324D4AA000B2538 /* MJFoundation.h */,
				30C007832324D4AA000B2538 /* MJType.m */,
				30C007842324D4AA000B2538 /* MJConst.m */,
				30C007852324D4AA000B2538 /* MJTypeEncoding.m */,
				30C007862324D4AA000B2538 /* NSObject+MJCoding.m */,
				30C007872324D4AA000B2538 /* MJExtension.h */,
				30C007882324D4AA000B2538 /* MJMember.h */,
				30C007892324D4AB000B2538 /* MJMethod.m */,
				30C0078A2324D4AB000B2538 /* MJArgument.m */,
				30C0078B2324D4AB000B2538 /* MJIvar.h */,
				30C0078C2324D4AB000B2538 /* NSObject+MJKeyValue.h */,
				30C0078D2324D4AB000B2538 /* NSObject+MJCoding.h */,
				30C0078E2324D4AB000B2538 /* MJTypeEncoding.h */,
				30C0078F2324D4AB000B2538 /* MJConst.h */,
				30C007902324D4AB000B2538 /* MJType.h */,
				30C007912324D4AB000B2538 /* MJFoundation.m */,
				30C007922324D4AB000B2538 /* NSObject+MJMember.m */,
			);
			path = MJExtension;
			sourceTree = "<group>";
		};
		30C007A52324DA0E000B2538 /* 图片 */ = {
			isa = PBXGroup;
			children = (
				30177D0523AF0BD000A6A6CE /* close_btn@3x.png */,
				3076C172238AF1FB00774B4F /* done_btn@3x.png */,
				3076C136238A66B400774B4F /* search_btn@2x.png */,
				30C007C323255160000B2538 /* appicon@3x.png */,
				30C007B623253A3A000B2538 /* header_btn@3x.png */,
				30C007A62324DA1A000B2538 /* add_btn@3x.png */,
			);
			path = "图片";
			sourceTree = "<group>";
		};
		30C007A823253368000B2538 /* 主界面 */ = {
			isa = PBXGroup;
			children = (
				3060EA2023430BC500E847D6 /* model */,
				3060EA2123430BC500E847D6 /* view */,
				30C007AF23253398000B2538 /* ViewController.h */,
				30C007AE23253397000B2538 /* ViewController.m */,
				30C007A923253368000B2538 /* SGTableViewCell.m */,
				305C880A24023E0B00E5E589 /* SGTableViewCell.xib */,
				30C007AB23253368000B2538 /* SGTableViewCell.h */,
				30C007B1232533CB000B2538 /* HeaderCell.h */,
				30C007B2232533CB000B2538 /* HeaderCell.m */,
				305C880324023DDC00E5E589 /* HeaderCell.xib */,
			);
			path = "主界面";
			sourceTree = "<group>";
		};
		30C007B823254015000B2538 /* 个人中心 */ = {
			isa = PBXGroup;
			children = (
				30C007BE2325408A000B2538 /* UserViewCtrl.h */,
				30C007BF2325408A000B2538 /* UserViewCtrl.m */,
				305C88172402479600E5E589 /* UserViewCtrl.xib */,
			);
			path = "个人中心";
			sourceTree = "<group>";
		};
		30D78B9B2402CC3F003EA689 /* 网页 */ = {
			isa = PBXGroup;
			children = (
				30D78B9C2402CC65003EA689 /* WebViewCtrl.h */,
				30D78B9D2402CC65003EA689 /* WebViewCtrl.m */,
				30D78B9E2402CC65003EA689 /* WebViewCtrl.xib */,
			);
			path = "网页";
			sourceTree = "<group>";
		};
		30EF60C32324432A00DBBF2D /* 登录 */ = {
			isa = PBXGroup;
			children = (
				30177CFA23AF038F00A6A6CE /* 隐私 */,
				30EF60CD2324C08C00DBBF2D /* LoginViewCtrl.h */,
				30EF60CE2324C08C00DBBF2D /* LoginViewCtrl.m */,
				305C87F5240237A900E5E589 /* LoginViewCtrl.xib */,
			);
			path = "登录";
			sourceTree = "<group>";
		};
		30EF60C92324BFBA00DBBF2D /* 公共 */ = {
			isa = PBXGroup;
			children = (
				3076C13E238AEE4900774B4F /* IQKeyboardManager */,
				30C0077B2324D4AA000B2538 /* MJExtension */,
				30C0076B2324D4AA000B2538 /* SVProgressHUD */,
				30EF60CA2324BFBA00DBBF2D /* UIView+Frame.m */,
				30EF60CB2324BFBA00DBBF2D /* UIView+Frame.h */,
			);
			path = "公共";
			sourceTree = "<group>";
		};
		30F2C98B232152290065C6C6 = {
			isa = PBXGroup;
			children = (
				30F2C996232152290065C6C6 /* passwordmanagement */,
				30F2C995232152290065C6C6 /* Products */,
				C1A90C247E87D88DED0407B4 /* Pods */,
				A2E420EBE709BF318F6D2512 /* Frameworks */,
			);
			sourceTree = "<group>";
		};
		30F2C995232152290065C6C6 /* Products */ = {
			isa = PBXGroup;
			children = (
				30F2C994232152290065C6C6 /* passwordmanagement.app */,
			);
			name = Products;
			sourceTree = "<group>";
		};
		30F2C996232152290065C6C6 /* passwordmanagement */ = {
			isa = PBXGroup;
			children = (
				30D78B9B2402CC3F003EA689 /* 网页 */,
				3076C138238AC32F00774B4F /* 创建与修改 */,
				30C007B823254015000B2538 /* 个人中心 */,
				30C007A823253368000B2538 /* 主界面 */,
				30C007A52324DA0E000B2538 /* 图片 */,
				30EF60C92324BFBA00DBBF2D /* 公共 */,
				30EF60C32324432A00DBBF2D /* 登录 */,
				30F2C998232152290065C6C6 /* AppDelegate.m */,
				30F2C997232152290065C6C6 /* AppDelegate.h */,
				30F2C99D232152290065C6C6 /* Main.storyboard */,
				30F2C9A02321522B0065C6C6 /* Assets.xcassets */,
				30F2C9A22321522B0065C6C6 /* LaunchScreen.storyboard */,
				30F2C9A52321522B0065C6C6 /* Info.plist */,
				305C87EB2402345000E5E589 /* InfoPlist.strings */,
				305C881324023F6F00E5E589 /* Localizable.strings */,
				30F2C9A62321522B0065C6C6 /* main.m */,
			);
			path = passwordmanagement;
			sourceTree = "<group>";
		};
		A2E420EBE709BF318F6D2512 /* Frameworks */ = {
			isa = PBXGroup;
			children = (
				205591C7DFCB69F52FDFB7E1 /* libPods-passwordmanagement.a */,
			);
			name = Frameworks;
			sourceTree = "<group>";
		};
		C1A90C247E87D88DED0407B4 /* Pods */ = {
			isa = PBXGroup;
			children = (
				A4D15304A4E44B0AD74168EB /* Pods-passwordmanagement.debug.xcconfig */,
				D145FA4F2D5216FAEC0AB4D7 /* Pods-passwordmanagement.release.xcconfig */,
			);
			path = Pods;
			sourceTree = "<group>";
		};
/* End PBXGroup section */

/* Begin PBXNativeTarget section */
		30F2C993232152290065C6C6 /* passwordmanagement */ = {
			isa = PBXNativeTarget;
			buildConfigurationList = 30F2C9AA2321522B0065C6C6 /* Build configuration list for PBXNativeTarget "passwordmanagement" */;
			buildPhases = (
				2B3A8B45BCE453C15E2BDB22 /* [CP] Check Pods Manifest.lock */,
				30F2C990232152290065C6C6 /* Sources */,
				30F2C991232152290065C6C6 /* Frameworks */,
				30F2C992232152290065C6C6 /* Resources */,
				DDBC3ABA258D33CBA29306A2 /* [CP] Copy Pods Resources */,
			);
			buildRules = (
			);
			dependencies = (
			);
			name = passwordmanagement;
			productName = passwordmanagement;
			productReference = 30F2C994232152290065C6C6 /* passwordmanagement.app */;
			productType = "com.apple.product-type.application";
		};
/* End PBXNativeTarget section */

/* Begin PBXProject section */
		30F2C98C232152290065C6C6 /* Project object */ = {
			isa = PBXProject;
			attributes = {
				LastUpgradeCheck = 1010;
				ORGANIZATIONNAME = beyond;
				TargetAttributes = {
					30F2C993232152290065C6C6 = {
						CreatedOnToolsVersion = 10.1;
					};
				};
			};
			buildConfigurationList = 30F2C98F232152290065C6C6 /* Build configuration list for PBXProject "passwordmanagement" */;
			compatibilityVersion = "Xcode 9.3";
			developmentRegion = en;
			hasScannedForEncodings = 0;
			knownRegions = (
				en,
				Base,
				"zh-Hans",
				ja,
			);
			mainGroup = 30F2C98B232152290065C6C6;
			productRefGroup = 30F2C995232152290065C6C6 /* Products */;
			projectDirPath = "";
			projectRoot = "";
			targets = (
				30F2C993232152290065C6C6 /* passwordmanagement */,
			);
		};
/* End PBXProject section */

/* Begin PBXResourcesBuildPhase section */
		30F2C992232152290065C6C6 /* Resources */ = {
			isa = PBXResourcesBuildPhase;
			buildActionMask = 2147483647;
			files = (
				305C880124023DDC00E5E589 /* HeaderCell.xib in Resources */,
				30177D0623AF0BD100A6A6CE /* close_btn@3x.png in Resources */,
				30D78BA02402CC65003EA689 /* WebViewCtrl.xib in Resources */,
				30C007A72324DA1A000B2538 /* add_btn@3x.png in Resources */,
				30177D0423AF045500A6A6CE /* PrivacyViewCtrl.xib in Resources */,
				305C880824023E0B00E5E589 /* SGTableViewCell.xib in Resources */,
				3076C137238A66B400774B4F /* search_btn@2x.png in Resources */,
				3076C169238AEE4900774B4F /* IQKeyboardManager.bundle in Resources */,
				30F2C9A42321522B0065C6C6 /* LaunchScreen.storyboard in Resources */,
				30C007C423255161000B2538 /* appicon@3x.png in Resources */,
				305C87E92402345000E5E589 /* InfoPlist.strings in Resources */,
				30C007972324D4AB000B2538 /* SVProgressHUD.bundle in Resources */,
				30F2C9A12321522B0065C6C6 /* Assets.xcassets in Resources */,
				305C87F3240237A900E5E589 /* LoginViewCtrl.xib in Resources */,
				30C007B723253A3A000B2538 /* header_btn@3x.png in Resources */,
				305C88152402479600E5E589 /* UserViewCtrl.xib in Resources */,
				305C881C240248D900E5E589 /* InsertViewCtrl.xib in Resources */,
				305C881124023F6F00E5E589 /* Localizable.strings in Resources */,
				30F2C99F232152290065C6C6 /* Main.storyboard in Resources */,
				3076C173238AF1FB00774B4F /* done_btn@3x.png in Resources */,
			);
			runOnlyForDeploymentPostprocessing = 0;
		};
/* End PBXResourcesBuildPhase section */

/* Begin PBXShellScriptBuildPhase section */
		2B3A8B45BCE453C15E2BDB22 /* [CP] Check Pods Manifest.lock */ = {
			isa = PBXShellScriptBuildPhase;
			buildActionMask = 2147483647;
			files = (
			);
			inputFileListPaths = (
			);
			inputPaths = (
				"${PODS_PODFILE_DIR_PATH}/Podfile.lock",
				"${PODS_ROOT}/Manifest.lock",
			);
			name = "[CP] Check Pods Manifest.lock";
			outputFileListPaths = (
			);
			outputPaths = (
				"$(DERIVED_FILE_DIR)/Pods-passwordmanagement-checkManifestLockResult.txt",
			);
			runOnlyForDeploymentPostprocessing = 0;
			shellPath = /bin/sh;
			shellScript = "diff \"${PODS_PODFILE_DIR_PATH}/Podfile.lock\" \"${PODS_ROOT}/Manifest.lock\" > /dev/null\nif [ $? != 0 ] ; then\n    # print error to STDERR\n    echo \"error: The sandbox is not in sync with the Podfile.lock. Run 'pod install' or update your CocoaPods installation.\" >&2\n    exit 1\nfi\n# This output is used by Xcode 'outputs' to avoid re-running this script phase.\necho \"SUCCESS\" > \"${SCRIPT_OUTPUT_FILE_0}\"\n";
			showEnvVarsInLog = 0;
		};
		DDBC3ABA258D33CBA29306A2 /* [CP] Copy Pods Resources */ = {
			isa = PBXShellScriptBuildPhase;
			buildActionMask = 2147483647;
			files = (
			);
			inputFileListPaths = (
				"${PODS_ROOT}/Target Support Files/Pods-passwordmanagement/Pods-passwordmanagement-resources-${CONFIGURATION}-input-files.xcfilelist",
			);
			name = "[CP] Copy Pods Resources";
			outputFileListPaths = (
				"${PODS_ROOT}/Target Support Files/Pods-passwordmanagement/Pods-passwordmanagement-resources-${CONFIGURATION}-output-files.xcfilelist",
			);
			runOnlyForDeploymentPostprocessing = 0;
			shellPath = /bin/sh;
			shellScript = "\"${PODS_ROOT}/Target Support Files/Pods-passwordmanagement/Pods-passwordmanagement-resources.sh\"\n";
			showEnvVarsInLog = 0;
		};
/* End PBXShellScriptBuildPhase section */

/* Begin PBXSourcesBuildPhase section */
		30F2C990232152290065C6C6 /* Sources */ = {
			isa = PBXSourcesBuildPhase;
			buildActionMask = 2147483647;
			files = (
				30C007C12325408A000B2538 /* UserViewCtrl.m in Sources */,
				3076C16E238AEE4900774B4F /* IQUIScrollView+Additions.m in Sources */,
				3076C167238AEE4900774B4F /* IQUIView+IQKeyboardToolbar.m in Sources */,
				3076C165238AEE4900774B4F /* IQTitleBarButtonItem.m in Sources */,
				30C007B023253398000B2538 /* ViewController.m in Sources */,
				3076C16D238AEE4900774B4F /* IQUITextFieldView+Additions.m in Sources */,
				30C0079C2324D4AB000B2538 /* MJIvar.m in Sources */,
				3076C171238AEE4A00774B4F /* IQKeyboardReturnKeyHandler.m in Sources */,
				30C007A32324D4AB000B2538 /* MJFoundation.m in Sources */,
				30C007AC23253368000B2538 /* SGTableViewCell.m in Sources */,
				3076C16C238AEE4900774B4F /* IQUIWindow+Hierarchy.m in Sources */,
				30D78B9F2402CC65003EA689 /* WebViewCtrl.m in Sources */,
				3076C170238AEE4A00774B4F /* IQUIViewController+Additions.m in Sources */,
				3076C164238AEE4900774B4F /* IQToolbar.m in Sources */,
				30C0079F2324D4AB000B2538 /* MJTypeEncoding.m in Sources */,
				30C0079A2324D4AB000B2538 /* MJMember.m in Sources */,
				30C007932324D4AB000B2538 /* SVRadialGradientLayer.m in Sources */,
				30C007A22324D4AB000B2538 /* MJArgument.m in Sources */,
				3076C166238AEE4900774B4F /* IQBarButtonItem.m in Sources */,
				30EF60CC2324BFBB00DBBF2D /* UIView+Frame.m in Sources */,
				30EF60D02324C08C00DBBF2D /* LoginViewCtrl.m in Sources */,
				30C007A42324D4AB000B2538 /* NSObject+MJMember.m in Sources */,
				3076C16F238AEE4900774B4F /* IQUIView+Hierarchy.m in Sources */,
				3076C168238AEE4900774B4F /* IQPreviousNextView.m in Sources */,
				30C007962324D4AB000B2538 /* SVIndefiniteAnimatedView.m in Sources */,
				3076C163238AEE4900774B4F /* IQTextView.m in Sources */,
				30C007952324D4AB000B2538 /* SVProgressHUD.m in Sources */,
				30177D0323AF045500A6A6CE /* PrivacyViewCtrl.m in Sources */,
				3076C16A238AEE4900774B4F /* IQKeyboardManager.m in Sources */,
				3076C16B238AEE4900774B4F /* IQNSArray+Sort.m in Sources */,
				30C0079B2324D4AB000B2538 /* NSObject+MJKeyValue.m in Sources */,
				3076C13C238AC38400774B4F /* InsertViewCtrl.m in Sources */,
				30C007A12324D4AB000B2538 /* MJMethod.m in Sources */,
				3060EA2723430C0600E847D6 /* AccountModel.m in Sources */,
				30C0079D2324D4AB000B2538 /* MJType.m in Sources */,
				30C007B4232533CB000B2538 /* HeaderCell.m in Sources */,
				30C007942324D4AB000B2538 /* MBProgressHUD+NJ.m in Sources */,
				30C007A02324D4AB000B2538 /* NSObject+MJCoding.m in Sources */,
				30C0079E2324D4AB000B2538 /* MJConst.m in Sources */,
				30F2C9A72321522B0065C6C6 /* main.m in Sources */,
				30F2C999232152290065C6C6 /* AppDelegate.m in Sources */,
			);
			runOnlyForDeploymentPostprocessing = 0;
		};
/* End PBXSourcesBuildPhase section */

/* Begin PBXVariantGroup section */
		305C87EB2402345000E5E589 /* InfoPlist.strings */ = {
			isa = PBXVariantGroup;
			children = (
				305C87EA2402345000E5E589 /* en */,
				305C87EC2402345600E5E589 /* zh-Hans */,
				30D78BA824040648003EA689 /* ja */,
			);
			name = InfoPlist.strings;
			sourceTree = "<group>";
		};
		305C87F5240237A900E5E589 /* LoginViewCtrl.xib */ = {
			isa = PBXVariantGroup;
			children = (
				305C87F4240237A900E5E589 /* en */,
				305C87F9240239C700E5E589 /* zh-Hans */,
				30D78BA724040648003EA689 /* ja */,
			);
			name = LoginViewCtrl.xib;
			sourceTree = "<group>";
		};
		305C880324023DDC00E5E589 /* HeaderCell.xib */ = {
			isa = PBXVariantGroup;
			children = (
				305C880224023DDC00E5E589 /* Base */,
				305C880524023DE000E5E589 /* en */,
				305C880724023DE900E5E589 /* zh-Hans */,
				30D78BA424040648003EA689 /* ja */,
			);
			name = HeaderCell.xib;
			sourceTree = "<group>";
		};
		305C880A24023E0B00E5E589 /* SGTableViewCell.xib */ = {
			isa = PBXVariantGroup;
			children = (
				305C880924023E0B00E5E589 /* Base */,
				305C880C24023E1600E5E589 /* en */,
				305C880E24023E1700E5E589 /* zh-Hans */,
				30D78BA324040648003EA689 /* ja */,
			);
			name = SGTableViewCell.xib;
			sourceTree = "<group>";
		};
		305C881324023F6F00E5E589 /* Localizable.strings */ = {
			isa = PBXVariantGroup;
			children = (
				305C881224023F6F00E5E589 /* en */,
				305C881424023F7000E5E589 /* zh-Hans */,
				30D78BA924040648003EA689 /* ja */,
			);
			name = Localizable.strings;
			sourceTree = "<group>";
		};
		305C88172402479600E5E589 /* UserViewCtrl.xib */ = {
			isa = PBXVariantGroup;
			children = (
				305C88162402479600E5E589 /* Base */,
				305C8819240247A900E5E589 /* en */,
				305C881B240247AA00E5E589 /* zh-Hans */,
				30D78BA224040648003EA689 /* ja */,
			);
			name = UserViewCtrl.xib;
			sourceTree = "<group>";
		};
		305C881E240248D900E5E589 /* InsertViewCtrl.xib */ = {
			isa = PBXVariantGroup;
			children = (
				305C881D240248D900E5E589 /* Base */,
				305C8820240248DB00E5E589 /* en */,
				305C8822240248DC00E5E589 /* zh-Hans */,
				30D78BA124040648003EA689 /* ja */,
			);
			name = InsertViewCtrl.xib;
			sourceTree = "<group>";
		};
		30F2C99D232152290065C6C6 /* Main.storyboard */ = {
			isa = PBXVariantGroup;
			children = (
				30F2C99E232152290065C6C6 /* Base */,
				305C87DB240230D400E5E589 /* zh-Hans */,
				305C87E42402331D00E5E589 /* en */,
				30D78BA524040648003EA689 /* ja */,
			);
			name = Main.storyboard;
			sourceTree = "<group>";
		};
		30F2C9A22321522B0065C6C6 /* LaunchScreen.storyboard */ = {
			isa = PBXVariantGroup;
			children = (
				30F2C9A32321522B0065C6C6 /* Base */,
				305C87DC240230D400E5E589 /* zh-Hans */,
				305C87E62402332300E5E589 /* en */,
				30D78BA624040648003EA689 /* ja */,
			);
			name = LaunchScreen.storyboard;
			sourceTree = "<group>";
		};
/* End PBXVariantGroup section */

/* Begin XCBuildConfiguration section */
		30F2C9A82321522B0065C6C6 /* Debug */ = {
			isa = XCBuildConfiguration;
			buildSettings = {
				ALWAYS_SEARCH_USER_PATHS = NO;
				CLANG_ANALYZER_LOCALIZABILITY_NONLOCALIZED = YES;
				CLANG_ANALYZER_NONNULL = YES;
				CLANG_ANALYZER_NUMBER_OBJECT_CONVERSION = YES_AGGRESSIVE;
				CLANG_CXX_LANGUAGE_STANDARD = "gnu++14";
				CLANG_CXX_LIBRARY = "libc++";
				CLANG_ENABLE_MODULES = YES;
				CLANG_ENABLE_OBJC_ARC = YES;
				CLANG_ENABLE_OBJC_WEAK = YES;
				CLANG_WARN_BLOCK_CAPTURE_AUTORELEASING = YES;
				CLANG_WARN_BOOL_CONVERSION = YES;
				CLANG_WARN_COMMA = YES;
				CLANG_WARN_CONSTANT_CONVERSION = YES;
				CLANG_WARN_DEPRECATED_OBJC_IMPLEMENTATIONS = YES;
				CLANG_WARN_DIRECT_OBJC_ISA_USAGE = YES_ERROR;
				CLANG_WARN_DOCUMENTATION_COMMENTS = YES;
				CLANG_WARN_EMPTY_BODY = YES;
				CLANG_WARN_ENUM_CONVERSION = YES;
				CLANG_WARN_INFINITE_RECURSION = YES;
				CLANG_WARN_INT_CONVERSION = YES;
				CLANG_WARN_NON_LITERAL_NULL_CONVERSION = YES;
				CLANG_WARN_OBJC_IMPLICIT_RETAIN_SELF = YES;
				CLANG_WARN_OBJC_LITERAL_CONVERSION = YES;
				CLANG_WARN_OBJC_ROOT_CLASS = YES_ERROR;
				CLANG_WARN_RANGE_LOOP_ANALYSIS = YES;
				CLANG_WARN_STRICT_PROTOTYPES = YES;
				CLANG_WARN_SUSPICIOUS_MOVE = YES;
				CLANG_WARN_UNGUARDED_AVAILABILITY = YES_AGGRESSIVE;
				CLANG_WARN_UNREACHABLE_CODE = YES;
				CLANG_WARN__DUPLICATE_METHOD_MATCH = YES;
				CODE_SIGN_IDENTITY = "iPhone Developer";
				COPY_PHASE_STRIP = NO;
				DEBUG_INFORMATION_FORMAT = dwarf;
				ENABLE_STRICT_OBJC_MSGSEND = YES;
				ENABLE_TESTABILITY = YES;
				GCC_C_LANGUAGE_STANDARD = gnu11;
				GCC_DYNAMIC_NO_PIC = NO;
				GCC_NO_COMMON_BLOCKS = YES;
				GCC_OPTIMIZATION_LEVEL = 0;
				GCC_PREPROCESSOR_DEFINITIONS = (
					"DEBUG=1",
					"$(inherited)",
				);
				GCC_WARN_64_TO_32_BIT_CONVERSION = YES;
				GCC_WARN_ABOUT_RETURN_TYPE = YES_ERROR;
				GCC_WARN_UNDECLARED_SELECTOR = YES;
				GCC_WARN_UNINITIALIZED_AUTOS = YES_AGGRESSIVE;
				GCC_WARN_UNUSED_FUNCTION = YES;
				GCC_WARN_UNUSED_VARIABLE = YES;
				IPHONEOS_DEPLOYMENT_TARGET = 12.1;
				MTL_ENABLE_DEBUG_INFO = INCLUDE_SOURCE;
				MTL_FAST_MATH = YES;
				ONLY_ACTIVE_ARCH = YES;
				SDKROOT = iphoneos;
			};
			name = Debug;
		};
		30F2C9A92321522B0065C6C6 /* Release */ = {
			isa = XCBuildConfiguration;
			buildSettings = {
				ALWAYS_SEARCH_USER_PATHS = NO;
				CLANG_ANALYZER_LOCALIZABILITY_NONLOCALIZED = YES;
				CLANG_ANALYZER_NONNULL = YES;
				CLANG_ANALYZER_NUMBER_OBJECT_CONVERSION = YES_AGGRESSIVE;
				CLANG_CXX_LANGUAGE_STANDARD = "gnu++14";
				CLANG_CXX_LIBRARY = "libc++";
				CLANG_ENABLE_MODULES = YES;
				CLANG_ENABLE_OBJC_ARC = YES;
				CLANG_ENABLE_OBJC_WEAK = YES;
				CLANG_WARN_BLOCK_CAPTURE_AUTORELEASING = YES;
				CLANG_WARN_BOOL_CONVERSION = YES;
				CLANG_WARN_COMMA = YES;
				CLANG_WARN_CONSTANT_CONVERSION = YES;
				CLANG_WARN_DEPRECATED_OBJC_IMPLEMENTATIONS = YES;
				CLANG_WARN_DIRECT_OBJC_ISA_USAGE = YES_ERROR;
				CLANG_WARN_DOCUMENTATION_COMMENTS = YES;
				CLANG_WARN_EMPTY_BODY = YES;
				CLANG_WARN_ENUM_CONVERSION = YES;
				CLANG_WARN_INFINITE_RECURSION = YES;
				CLANG_WARN_INT_CONVERSION = YES;
				CLANG_WARN_NON_LITERAL_NULL_CONVERSION = YES;
				CLANG_WARN_OBJC_IMPLICIT_RETAIN_SELF = YES;
				CLANG_WARN_OBJC_LITERAL_CONVERSION = YES;
				CLANG_WARN_OBJC_ROOT_CLASS = YES_ERROR;
				CLANG_WARN_RANGE_LOOP_ANALYSIS = YES;
				CLANG_WARN_STRICT_PROTOTYPES = YES;
				CLANG_WARN_SUSPICIOUS_MOVE = YES;
				CLANG_WARN_UNGUARDED_AVAILABILITY = YES_AGGRESSIVE;
				CLANG_WARN_UNREACHABLE_CODE = YES;
				CLANG_WARN__DUPLICATE_METHOD_MATCH = YES;
				CODE_SIGN_IDENTITY = "iPhone Developer";
				COPY_PHASE_STRIP = NO;
				DEBUG_INFORMATION_FORMAT = "dwarf-with-dsym";
				ENABLE_NS_ASSERTIONS = NO;
				ENABLE_STRICT_OBJC_MSGSEND = YES;
				GCC_C_LANGUAGE_STANDARD = gnu11;
				GCC_NO_COMMON_BLOCKS = YES;
				GCC_WARN_64_TO_32_BIT_CONVERSION = YES;
				GCC_WARN_ABOUT_RETURN_TYPE = YES_ERROR;
				GCC_WARN_UNDECLARED_SELECTOR = YES;
				GCC_WARN_UNINITIALIZED_AUTOS = YES_AGGRESSIVE;
				GCC_WARN_UNUSED_FUNCTION = YES;
				GCC_WARN_UNUSED_VARIABLE = YES;
				IPHONEOS_DEPLOYMENT_TARGET = 12.1;
				MTL_ENABLE_DEBUG_INFO = NO;
				MTL_FAST_MATH = YES;
				SDKROOT = iphoneos;
				VALIDATE_PRODUCT = YES;
			};
			name = Release;
		};
		30F2C9AB2321522B0065C6C6 /* Debug */ = {
			isa = XCBuildConfiguration;
			baseConfigurationReference = A4D15304A4E44B0AD74168EB /* Pods-passwordmanagement.debug.xcconfig */;
			buildSettings = {
				ASSETCATALOG_COMPILER_APPICON_NAME = AppIcon;
				CODE_SIGN_STYLE = Manual;
				CURRENT_PROJECT_VERSION = 1;
				DEVELOPMENT_TEAM = N7NJC6YLRV;
				INFOPLIST_FILE = passwordmanagement/Info.plist;
				IPHONEOS_DEPLOYMENT_TARGET = 11.3;
				LD_RUNPATH_SEARCH_PATHS = (
					"$(inherited)",
					"@executable_path/Frameworks",
				);
				MARKETING_VERSION = 1.2;
				PRODUCT_BUNDLE_IDENTIFIER = net.vwhm.passwordmanagement;
				PRODUCT_NAME = "$(TARGET_NAME)";
				PROVISIONING_PROFILE_SPECIFIER = net_vwhm_password_management_dev_20200224;
				TARGETED_DEVICE_FAMILY = "1,2";
			};
			name = Debug;
		};
		30F2C9AC2321522B0065C6C6 /* Release */ = {
			isa = XCBuildConfiguration;
			baseConfigurationReference = D145FA4F2D5216FAEC0AB4D7 /* Pods-passwordmanagement.release.xcconfig */;
			buildSettings = {
				ASSETCATALOG_COMPILER_APPICON_NAME = AppIcon;
				CODE_SIGN_STYLE = Manual;
				CURRENT_PROJECT_VERSION = 1;
				DEVELOPMENT_TEAM = N7NJC6YLRV;
				INFOPLIST_FILE = passwordmanagement/Info.plist;
				IPHONEOS_DEPLOYMENT_TARGET = 11.3;
				LD_RUNPATH_SEARCH_PATHS = (
					"$(inherited)",
					"@executable_path/Frameworks",
				);
				MARKETING_VERSION = 1.2;
				PRODUCT_BUNDLE_IDENTIFIER = net.vwhm.passwordmanagement;
				PRODUCT_NAME = "$(TARGET_NAME)";
				PROVISIONING_PROFILE_SPECIFIER = net_vwhm_password_management_dev_20200224;
				TARGETED_DEVICE_FAMILY = "1,2";
			};
			name = Release;
		};
/* End XCBuildConfiguration section */

/* Begin XCConfigurationList section */
		30F2C98F232152290065C6C6 /* Build configuration list for PBXProject "passwordmanagement" */ = {
			isa = XCConfigurationList;
			buildConfigurations = (
				30F2C9A82321522B0065C6C6 /* Debug */,
				30F2C9A92321522B0065C6C6 /* Release */,
			);
			defaultConfigurationIsVisible = 0;
			defaultConfigurationName = Release;
		};
		30F2C9AA2321522B0065C6C6 /* Build configuration list for PBXNativeTarget "passwordmanagement" */ = {
			isa = XCConfigurationList;
			buildConfigurations = (
				30F2C9AB2321522B0065C6C6 /* Debug */,
				30F2C9AC2321522B0065C6C6 /* Release */,
			);
			defaultConfigurationIsVisible = 0;
			defaultConfigurationName = Release;
		};
/* End XCConfigurationList section */
	};
	rootObject = 30F2C98C232152290065C6C6 /* Project object */;
}
